// !$*UTF8*$!
{
	archiveVersion = 1;
	classes = {
	};
	objectVersion = 50;
	objects = {

/* Begin PBXBuildFile section */
		9407D6492360A56100C330FC /* UIView+Extensions.swift in Sources */ = {isa = PBXBuildFile; fileRef = 9407D6482360A56100C330FC /* UIView+Extensions.swift */; };
		9407D64B2360C65600C330FC /* InternalFilesCollectionGesturesManager.swift in Sources */ = {isa = PBXBuildFile; fileRef = 9407D64A2360C65600C330FC /* InternalFilesCollectionGesturesManager.swift */; };
		9407D64F2362002A00C330FC /* DownloadManager.swift in Sources */ = {isa = PBXBuildFile; fileRef = 9407D64E2362002A00C330FC /* DownloadManager.swift */; };
		9407D67523686FB600C330FC /* InternalFilesHeaderView.swift in Sources */ = {isa = PBXBuildFile; fileRef = 9407D67423686FB600C330FC /* InternalFilesHeaderView.swift */; };
		940C069522DF7D33007BBC27 /* String+Extensions.swift in Sources */ = {isa = PBXBuildFile; fileRef = 940C069422DF7D32007BBC27 /* String+Extensions.swift */; };
		9410EC7122D6351600146F89 /* InternalFilesModuleBuilder.swift in Sources */ = {isa = PBXBuildFile; fileRef = 9410EC7022D6351600146F89 /* InternalFilesModuleBuilder.swift */; };
		942093C622B8EDCE007057FF /* Folder.swift in Sources */ = {isa = PBXBuildFile; fileRef = 942093C522B8EDCE007057FF /* Folder.swift */; };
		942093C822B8EE35007057FF /* FileSystemEntity.swift in Sources */ = {isa = PBXBuildFile; fileRef = 942093C722B8EE35007057FF /* FileSystemEntity.swift */; };
		942093CA22B93834007057FF /* InternalFileCellInterface.swift in Sources */ = {isa = PBXBuildFile; fileRef = 942093C922B93834007057FF /* InternalFileCellInterface.swift */; };
		94226D772315357400725DA0 /* FileDownloader.swift in Sources */ = {isa = PBXBuildFile; fileRef = 94226D762315357400725DA0 /* FileDownloader.swift */; };
		94494EB7237EF8C900491DA4 /* Int+Extensions.swift in Sources */ = {isa = PBXBuildFile; fileRef = 94494EB6237EF8C900491DA4 /* Int+Extensions.swift */; };
		94516A2A22FC061100328BD7 /* InternalFileTableCell.swift in Sources */ = {isa = PBXBuildFile; fileRef = 94516A2922FC061100328BD7 /* InternalFileTableCell.swift */; };
		94516A2C22FC47B800328BD7 /* TableLayoutDelegate.swift in Sources */ = {isa = PBXBuildFile; fileRef = 94516A2B22FC47B800328BD7 /* TableLayoutDelegate.swift */; };
		94516A2E22FC486500328BD7 /* GridLayoutDelegate.swift in Sources */ = {isa = PBXBuildFile; fileRef = 94516A2D22FC486500328BD7 /* GridLayoutDelegate.swift */; };
		94516A3022FC4AA700328BD7 /* CustomFlowLayoutDelegate.swift in Sources */ = {isa = PBXBuildFile; fileRef = 94516A2F22FC4AA700328BD7 /* CustomFlowLayoutDelegate.swift */; };
		94836A71231593E700534BD9 /* DownloadEntity.swift in Sources */ = {isa = PBXBuildFile; fileRef = 94836A70231593E700534BD9 /* DownloadEntity.swift */; };
		94A5522323114AB6002423D4 /* Task.swift in Sources */ = {isa = PBXBuildFile; fileRef = 94A5522223114AB6002423D4 /* Task.swift */; };
		94A552252311ADDE002423D4 /* DownloadFilePopUp.swift in Sources */ = {isa = PBXBuildFile; fileRef = 94A552242311ADDE002423D4 /* DownloadFilePopUp.swift */; };
		94A7541F2309C3B1007F3DB6 /* InternalFileGridCell.swift in Sources */ = {isa = PBXBuildFile; fileRef = 94A7541E2309C3B1007F3DB6 /* InternalFileGridCell.swift */; };
		94B9EC1123CCE69D0069B6DB /* LongPressView.swift in Sources */ = {isa = PBXBuildFile; fileRef = 94B9EC1023CCE69D0069B6DB /* LongPressView.swift */; };
		94B9EC1323CDA9E80069B6DB /* CGFloat+Extensions.swift in Sources */ = {isa = PBXBuildFile; fileRef = 94B9EC1223CDA9E80069B6DB /* CGFloat+Extensions.swift */; };
		94DBEE5322610F050084CDC6 /* File.swift in Sources */ = {isa = PBXBuildFile; fileRef = 94DBEE5222610F050084CDC6 /* File.swift */; };
		94DBEE572263B6A70084CDC6 /* InternalFileManager.swift in Sources */ = {isa = PBXBuildFile; fileRef = 94DBEE562263B6A70084CDC6 /* InternalFileManager.swift */; };
		94DBEE62226F926C0084CDC6 /* CreateFolderPopUp.swift in Sources */ = {isa = PBXBuildFile; fileRef = 94DBEE61226F926C0084CDC6 /* CreateFolderPopUp.swift */; };
		94DC404D234750F000255411 /* InternalFilesCollectionViewController.swift in Sources */ = {isa = PBXBuildFile; fileRef = 94DC404C234750F000255411 /* InternalFilesCollectionViewController.swift */; };
		94DC404F2347588500255411 /* InternalFilesViewController.swift in Sources */ = {isa = PBXBuildFile; fileRef = 94DC404E2347588500255411 /* InternalFilesViewController.swift */; };
		F82844832260F9030089EEBD /* Array+Extensions.swift in Sources */ = {isa = PBXBuildFile; fileRef = F82844822260F9030089EEBD /* Array+Extensions.swift */; };
		F82844852260F9180089EEBD /* Monads.swift in Sources */ = {isa = PBXBuildFile; fileRef = F82844842260F9180089EEBD /* Monads.swift */; };
		F82844882260F9C70089EEBD /* CGColor+Extensions.swift in Sources */ = {isa = PBXBuildFile; fileRef = F82844872260F9C70089EEBD /* CGColor+Extensions.swift */; };
		F828448A2260FAE20089EEBD /* UIColor+Extensions.swift in Sources */ = {isa = PBXBuildFile; fileRef = F82844892260FAE20089EEBD /* UIColor+Extensions.swift */; };
		F828448C22638DA90089EEBD /* AudioPlayerViewController.swift in Sources */ = {isa = PBXBuildFile; fileRef = F828448B22638DA90089EEBD /* AudioPlayerViewController.swift */; };
		F828448F226396060089EEBD /* PlayPauseButton.swift in Sources */ = {isa = PBXBuildFile; fileRef = F828448E226396060089EEBD /* PlayPauseButton.swift */; };
		F82D8058225D11F0006DDAB3 /* AppDelegate.swift in Sources */ = {isa = PBXBuildFile; fileRef = F82D8057225D11F0006DDAB3 /* AppDelegate.swift */; };
		F82D805F225D11F2006DDAB3 /* Assets.xcassets in Resources */ = {isa = PBXBuildFile; fileRef = F82D805E225D11F2006DDAB3 /* Assets.xcassets */; };
		F82D8062225D11F2006DDAB3 /* LaunchScreen.storyboard in Resources */ = {isa = PBXBuildFile; fileRef = F82D8060225D11F2006DDAB3 /* LaunchScreen.storyboard */; };
		F84884542267C0830047294F /* AppLauncher.swift in Sources */ = {isa = PBXBuildFile; fileRef = F84884532267C0830047294F /* AppLauncher.swift */; };
		F84884562267C1B30047294F /* InternalFileManagerInterface.swift in Sources */ = {isa = PBXBuildFile; fileRef = F84884552267C1B30047294F /* InternalFileManagerInterface.swift */; };
		F8C72ABC2268846D00B0AB0D /* AudioPlayer.swift in Sources */ = {isa = PBXBuildFile; fileRef = F8C72ABB2268846D00B0AB0D /* AudioPlayer.swift */; };
		F8C72B7F2268C56A00B0AB0D /* AudioPlayerInterface.swift in Sources */ = {isa = PBXBuildFile; fileRef = F8C72B7E2268C56A00B0AB0D /* AudioPlayerInterface.swift */; };
/* End PBXBuildFile section */

/* Begin PBXFileReference section */
		9407D6482360A56100C330FC /* UIView+Extensions.swift */ = {isa = PBXFileReference; lastKnownFileType = sourcecode.swift; path = "UIView+Extensions.swift"; sourceTree = "<group>"; };
		9407D64A2360C65600C330FC /* InternalFilesCollectionGesturesManager.swift */ = {isa = PBXFileReference; lastKnownFileType = sourcecode.swift; path = InternalFilesCollectionGesturesManager.swift; sourceTree = "<group>"; };
		9407D64E2362002A00C330FC /* DownloadManager.swift */ = {isa = PBXFileReference; fileEncoding = 4; lastKnownFileType = sourcecode.swift; path = DownloadManager.swift; sourceTree = "<group>"; };
		9407D67423686FB600C330FC /* InternalFilesHeaderView.swift */ = {isa = PBXFileReference; lastKnownFileType = sourcecode.swift; path = InternalFilesHeaderView.swift; sourceTree = "<group>"; };
		940C069422DF7D32007BBC27 /* String+Extensions.swift */ = {isa = PBXFileReference; lastKnownFileType = sourcecode.swift; path = "String+Extensions.swift"; sourceTree = "<group>"; };
		9410EC7022D6351600146F89 /* InternalFilesModuleBuilder.swift */ = {isa = PBXFileReference; lastKnownFileType = sourcecode.swift; path = InternalFilesModuleBuilder.swift; sourceTree = "<group>"; };
		942093C522B8EDCE007057FF /* Folder.swift */ = {isa = PBXFileReference; lastKnownFileType = sourcecode.swift; path = Folder.swift; sourceTree = "<group>"; };
		942093C722B8EE35007057FF /* FileSystemEntity.swift */ = {isa = PBXFileReference; lastKnownFileType = sourcecode.swift; path = FileSystemEntity.swift; sourceTree = "<group>"; };
		942093C922B93834007057FF /* InternalFileCellInterface.swift */ = {isa = PBXFileReference; lastKnownFileType = sourcecode.swift; path = InternalFileCellInterface.swift; sourceTree = "<group>"; };
		94226D762315357400725DA0 /* FileDownloader.swift */ = {isa = PBXFileReference; lastKnownFileType = sourcecode.swift; path = FileDownloader.swift; sourceTree = "<group>"; };
		94494EB6237EF8C900491DA4 /* Int+Extensions.swift */ = {isa = PBXFileReference; lastKnownFileType = sourcecode.swift; path = "Int+Extensions.swift"; sourceTree = "<group>"; };
		94516A2922FC061100328BD7 /* InternalFileTableCell.swift */ = {isa = PBXFileReference; lastKnownFileType = sourcecode.swift; path = InternalFileTableCell.swift; sourceTree = "<group>"; };
		94516A2B22FC47B800328BD7 /* TableLayoutDelegate.swift */ = {isa = PBXFileReference; lastKnownFileType = sourcecode.swift; path = TableLayoutDelegate.swift; sourceTree = "<group>"; };
		94516A2D22FC486500328BD7 /* GridLayoutDelegate.swift */ = {isa = PBXFileReference; lastKnownFileType = sourcecode.swift; path = GridLayoutDelegate.swift; sourceTree = "<group>"; };
		94516A2F22FC4AA700328BD7 /* CustomFlowLayoutDelegate.swift */ = {isa = PBXFileReference; lastKnownFileType = sourcecode.swift; path = CustomFlowLayoutDelegate.swift; sourceTree = "<group>"; };
		94836A70231593E700534BD9 /* DownloadEntity.swift */ = {isa = PBXFileReference; lastKnownFileType = sourcecode.swift; path = DownloadEntity.swift; sourceTree = "<group>"; };
		94A5522223114AB6002423D4 /* Task.swift */ = {isa = PBXFileReference; lastKnownFileType = sourcecode.swift; path = Task.swift; sourceTree = "<group>"; };
		94A552242311ADDE002423D4 /* DownloadFilePopUp.swift */ = {isa = PBXFileReference; lastKnownFileType = sourcecode.swift; path = DownloadFilePopUp.swift; sourceTree = "<group>"; };
		94A7541E2309C3B1007F3DB6 /* InternalFileGridCell.swift */ = {isa = PBXFileReference; lastKnownFileType = sourcecode.swift; path = InternalFileGridCell.swift; sourceTree = "<group>"; };
		94B9EC1023CCE69D0069B6DB /* LongPressView.swift */ = {isa = PBXFileReference; lastKnownFileType = sourcecode.swift; path = LongPressView.swift; sourceTree = "<group>"; };
		94B9EC1223CDA9E80069B6DB /* CGFloat+Extensions.swift */ = {isa = PBXFileReference; lastKnownFileType = sourcecode.swift; path = "CGFloat+Extensions.swift"; sourceTree = "<group>"; };
		94DBEE5222610F050084CDC6 /* File.swift */ = {isa = PBXFileReference; lastKnownFileType = sourcecode.swift; path = File.swift; sourceTree = "<group>"; };
		94DBEE562263B6A70084CDC6 /* InternalFileManager.swift */ = {isa = PBXFileReference; lastKnownFileType = sourcecode.swift; path = InternalFileManager.swift; sourceTree = "<group>"; };
		94DBEE61226F926C0084CDC6 /* CreateFolderPopUp.swift */ = {isa = PBXFileReference; lastKnownFileType = sourcecode.swift; path = CreateFolderPopUp.swift; sourceTree = "<group>"; };
		94DC404C234750F000255411 /* InternalFilesCollectionViewController.swift */ = {isa = PBXFileReference; lastKnownFileType = sourcecode.swift; path = InternalFilesCollectionViewController.swift; sourceTree = "<group>"; };
		94DC404E2347588500255411 /* InternalFilesViewController.swift */ = {isa = PBXFileReference; lastKnownFileType = sourcecode.swift; path = InternalFilesViewController.swift; sourceTree = "<group>"; };
		F82844822260F9030089EEBD /* Array+Extensions.swift */ = {isa = PBXFileReference; lastKnownFileType = sourcecode.swift; path = "Array+Extensions.swift"; sourceTree = "<group>"; };
		F82844842260F9180089EEBD /* Monads.swift */ = {isa = PBXFileReference; lastKnownFileType = sourcecode.swift; path = Monads.swift; sourceTree = "<group>"; };
		F82844872260F9C70089EEBD /* CGColor+Extensions.swift */ = {isa = PBXFileReference; lastKnownFileType = sourcecode.swift; path = "CGColor+Extensions.swift"; sourceTree = "<group>"; };
		F82844892260FAE20089EEBD /* UIColor+Extensions.swift */ = {isa = PBXFileReference; lastKnownFileType = sourcecode.swift; path = "UIColor+Extensions.swift"; sourceTree = "<group>"; };
		F828448B22638DA90089EEBD /* AudioPlayerViewController.swift */ = {isa = PBXFileReference; lastKnownFileType = sourcecode.swift; path = AudioPlayerViewController.swift; sourceTree = "<group>"; };
		F828448E226396060089EEBD /* PlayPauseButton.swift */ = {isa = PBXFileReference; lastKnownFileType = sourcecode.swift; path = PlayPauseButton.swift; sourceTree = "<group>"; };
		F82D8054225D11F0006DDAB3 /* Mazathoth.app */ = {isa = PBXFileReference; explicitFileType = wrapper.application; includeInIndex = 0; path = Mazathoth.app; sourceTree = BUILT_PRODUCTS_DIR; };
		F82D8057225D11F0006DDAB3 /* AppDelegate.swift */ = {isa = PBXFileReference; lastKnownFileType = sourcecode.swift; path = AppDelegate.swift; sourceTree = "<group>"; };
		F82D805E225D11F2006DDAB3 /* Assets.xcassets */ = {isa = PBXFileReference; lastKnownFileType = folder.assetcatalog; path = Assets.xcassets; sourceTree = "<group>"; };
		F82D8061225D11F2006DDAB3 /* Base */ = {isa = PBXFileReference; lastKnownFileType = file.storyboard; name = Base; path = Base.lproj/LaunchScreen.storyboard; sourceTree = "<group>"; };
		F82D8063225D11F2006DDAB3 /* Info.plist */ = {isa = PBXFileReference; lastKnownFileType = text.plist.xml; path = Info.plist; sourceTree = "<group>"; };
		F84884532267C0830047294F /* AppLauncher.swift */ = {isa = PBXFileReference; lastKnownFileType = sourcecode.swift; path = AppLauncher.swift; sourceTree = "<group>"; };
		F84884552267C1B30047294F /* InternalFileManagerInterface.swift */ = {isa = PBXFileReference; lastKnownFileType = sourcecode.swift; path = InternalFileManagerInterface.swift; sourceTree = "<group>"; };
		F8C72ABB2268846D00B0AB0D /* AudioPlayer.swift */ = {isa = PBXFileReference; lastKnownFileType = sourcecode.swift; path = AudioPlayer.swift; sourceTree = "<group>"; };
		F8C72B7E2268C56A00B0AB0D /* AudioPlayerInterface.swift */ = {isa = PBXFileReference; lastKnownFileType = sourcecode.swift; path = AudioPlayerInterface.swift; sourceTree = "<group>"; };
/* End PBXFileReference section */

/* Begin PBXFrameworksBuildPhase section */
		F82D8051225D11F0006DDAB3 /* Frameworks */ = {
			isa = PBXFrameworksBuildPhase;
			buildActionMask = 2147483647;
			files = (
			);
			runOnlyForDeploymentPostprocessing = 0;
		};
/* End PBXFrameworksBuildPhase section */

/* Begin PBXGroup section */
		94A3C10A233166C300779051 /* PopUps */ = {
			isa = PBXGroup;
			children = (
				94DBEE61226F926C0084CDC6 /* CreateFolderPopUp.swift */,
				94A552242311ADDE002423D4 /* DownloadFilePopUp.swift */,
			);
			path = PopUps;
			sourceTree = "<group>";
		};
		94A3C10B2331679400779051 /* Layout */ = {
			isa = PBXGroup;
			children = (
				94516A2F22FC4AA700328BD7 /* CustomFlowLayoutDelegate.swift */,
				94516A2B22FC47B800328BD7 /* TableLayoutDelegate.swift */,
				94516A2D22FC486500328BD7 /* GridLayoutDelegate.swift */,
			);
			path = Layout;
			sourceTree = "<group>";
		};
		94A5522123114A5B002423D4 /* FileDownloader */ = {
			isa = PBXGroup;
			children = (
				94836A70231593E700534BD9 /* DownloadEntity.swift */,
				94A5522223114AB6002423D4 /* Task.swift */,
				94226D762315357400725DA0 /* FileDownloader.swift */,
			);
			path = FileDownloader;
			sourceTree = "<group>";
		};
		94B9EC1423CDF10F0069B6DB /* UI elements */ = {
			isa = PBXGroup;
			children = (
				94B9EC1023CCE69D0069B6DB /* LongPressView.swift */,
			);
			path = "UI elements";
			sourceTree = "<group>";
		};
		94DBEE4C22610DCC0084CDC6 /* Cell */ = {
			isa = PBXGroup;
			children = (
				94B9EC1423CDF10F0069B6DB /* UI elements */,
				942093C922B93834007057FF /* InternalFileCellInterface.swift */,
				94516A2922FC061100328BD7 /* InternalFileTableCell.swift */,
				94A7541E2309C3B1007F3DB6 /* InternalFileGridCell.swift */,
			);
			path = Cell;
			sourceTree = "<group>";
		};
		94DBEE5122610E690084CDC6 /* Models */ = {
			isa = PBXGroup;
			children = (
				942093C722B8EE35007057FF /* FileSystemEntity.swift */,
				94DBEE5222610F050084CDC6 /* File.swift */,
				942093C522B8EDCE007057FF /* Folder.swift */,
			);
			path = Models;
			sourceTree = "<group>";
		};
		F82844812260F8E90089EEBD /* Core */ = {
			isa = PBXGroup;
			children = (
				F84884512267C06B0047294F /* AppDelegate */,
				F84884522267C0730047294F /* AppLauncher */,
				F8C72ABA2268845C00B0AB0D /* AudioPlayer */,
				94A5522123114A5B002423D4 /* FileDownloader */,
				F84884502267C0610047294F /* InternalFilesManager */,
				F82844862260F9960089EEBD /* Extensions */,
				F848844D2267BFFA0047294F /* Operators */,
			);
			path = Core;
			sourceTree = "<group>";
		};
		F82844862260F9960089EEBD /* Extensions */ = {
			isa = PBXGroup;
			children = (
				F82844822260F9030089EEBD /* Array+Extensions.swift */,
				F82844872260F9C70089EEBD /* CGColor+Extensions.swift */,
				F82844892260FAE20089EEBD /* UIColor+Extensions.swift */,
				940C069422DF7D32007BBC27 /* String+Extensions.swift */,
				9407D6482360A56100C330FC /* UIView+Extensions.swift */,
				94494EB6237EF8C900491DA4 /* Int+Extensions.swift */,
				94B9EC1223CDA9E80069B6DB /* CGFloat+Extensions.swift */,
			);
			path = Extensions;
			sourceTree = "<group>";
		};
		F828448D226395F60089EEBD /* AudioPlayer */ = {
			isa = PBXGroup;
			children = (
				F828448B22638DA90089EEBD /* AudioPlayerViewController.swift */,
				F828448E226396060089EEBD /* PlayPauseButton.swift */,
			);
			path = AudioPlayer;
			sourceTree = "<group>";
		};
		F82D804B225D11F0006DDAB3 = {
			isa = PBXGroup;
			children = (
				F82D8056225D11F0006DDAB3 /* Mazathoth */,
				F82D8055225D11F0006DDAB3 /* Products */,
			);
			sourceTree = "<group>";
		};
		F82D8055225D11F0006DDAB3 /* Products */ = {
			isa = PBXGroup;
			children = (
				F82D8054225D11F0006DDAB3 /* Mazathoth.app */,
			);
			name = Products;
			sourceTree = "<group>";
		};
		F82D8056225D11F0006DDAB3 /* Mazathoth */ = {
			isa = PBXGroup;
			children = (
				F82844812260F8E90089EEBD /* Core */,
				94DBEE5122610E690084CDC6 /* Models */,
				F848844E2267C0260047294F /* Flows */,
				F82D805E225D11F2006DDAB3 /* Assets.xcassets */,
				F84884582267C52F0047294F /* Resources */,
				F84884572267C51E0047294F /* SupportingFiles */,
			);
			path = Mazathoth;
			sourceTree = "<group>";
		};
		F848844D2267BFFA0047294F /* Operators */ = {
			isa = PBXGroup;
			children = (
				F82844842260F9180089EEBD /* Monads.swift */,
			);
			path = Operators;
			sourceTree = "<group>";
		};
		F848844E2267C0260047294F /* Flows */ = {
			isa = PBXGroup;
			children = (
				94A3C10A233166C300779051 /* PopUps */,
				F848844F2267C03A0047294F /* InternalFiles */,
				F828448D226395F60089EEBD /* AudioPlayer */,
			);
			path = Flows;
			sourceTree = "<group>";
		};
		F848844F2267C03A0047294F /* InternalFiles */ = {
			isa = PBXGroup;
			children = (
				94A3C10B2331679400779051 /* Layout */,
				94DBEE4C22610DCC0084CDC6 /* Cell */,
				9410EC7022D6351600146F89 /* InternalFilesModuleBuilder.swift */,
				94DC404E2347588500255411 /* InternalFilesViewController.swift */,
				94DC404C234750F000255411 /* InternalFilesCollectionViewController.swift */,
				9407D64A2360C65600C330FC /* InternalFilesCollectionGesturesManager.swift */,
				9407D64E2362002A00C330FC /* DownloadManager.swift */,
				9407D67423686FB600C330FC /* InternalFilesHeaderView.swift */,
			);
			path = InternalFiles;
			sourceTree = "<group>";
		};
		F84884502267C0610047294F /* InternalFilesManager */ = {
			isa = PBXGroup;
			children = (
				F84884552267C1B30047294F /* InternalFileManagerInterface.swift */,
				94DBEE562263B6A70084CDC6 /* InternalFileManager.swift */,
			);
			path = InternalFilesManager;
			sourceTree = "<group>";
		};
		F84884512267C06B0047294F /* AppDelegate */ = {
			isa = PBXGroup;
			children = (
				F82D8057225D11F0006DDAB3 /* AppDelegate.swift */,
			);
			path = AppDelegate;
			sourceTree = "<group>";
		};
		F84884522267C0730047294F /* AppLauncher */ = {
			isa = PBXGroup;
			children = (
				F84884532267C0830047294F /* AppLauncher.swift */,
			);
			path = AppLauncher;
			sourceTree = "<group>";
		};
		F84884572267C51E0047294F /* SupportingFiles */ = {
			isa = PBXGroup;
			children = (
				F82D8063225D11F2006DDAB3 /* Info.plist */,
			);
			name = SupportingFiles;
			sourceTree = "<group>";
		};
		F84884582267C52F0047294F /* Resources */ = {
			isa = PBXGroup;
			children = (
				F84884592267C5350047294F /* Interface */,
			);
			path = Resources;
			sourceTree = "<group>";
		};
		F84884592267C5350047294F /* Interface */ = {
			isa = PBXGroup;
			children = (
				F82D8060225D11F2006DDAB3 /* LaunchScreen.storyboard */,
			);
			path = Interface;
			sourceTree = "<group>";
		};
		F8C72ABA2268845C00B0AB0D /* AudioPlayer */ = {
			isa = PBXGroup;
			children = (
				F8C72B7E2268C56A00B0AB0D /* AudioPlayerInterface.swift */,
				F8C72ABB2268846D00B0AB0D /* AudioPlayer.swift */,
			);
			path = AudioPlayer;
			sourceTree = "<group>";
		};
/* End PBXGroup section */

/* Begin PBXNativeTarget section */
		F82D8053225D11F0006DDAB3 /* Mazathoth */ = {
			isa = PBXNativeTarget;
			buildConfigurationList = F82D8066225D11F2006DDAB3 /* Build configuration list for PBXNativeTarget "Mazathoth" */;
			buildPhases = (
				F82D8050225D11F0006DDAB3 /* Sources */,
				F82D8051225D11F0006DDAB3 /* Frameworks */,
				F82D8052225D11F0006DDAB3 /* Resources */,
			);
			buildRules = (
			);
			dependencies = (
			);
			name = Mazathoth;
			productName = Mazathoth;
			productReference = F82D8054225D11F0006DDAB3 /* Mazathoth.app */;
			productType = "com.apple.product-type.application";
		};
/* End PBXNativeTarget section */

/* Begin PBXProject section */
		F82D804C225D11F0006DDAB3 /* Project object */ = {
			isa = PBXProject;
			attributes = {
				LastSwiftUpdateCheck = 1020;
				LastUpgradeCheck = 1020;
				ORGANIZATIONNAME = plasmon;
				TargetAttributes = {
					F82D8053225D11F0006DDAB3 = {
						CreatedOnToolsVersion = 10.2;
					};
				};
			};
			buildConfigurationList = F82D804F225D11F0006DDAB3 /* Build configuration list for PBXProject "Mazathoth" */;
			compatibilityVersion = "Xcode 9.3";
			developmentRegion = en;
			hasScannedForEncodings = 0;
			knownRegions = (
				en,
				Base,
			);
			mainGroup = F82D804B225D11F0006DDAB3;
			productRefGroup = F82D8055225D11F0006DDAB3 /* Products */;
			projectDirPath = "";
			projectRoot = "";
			targets = (
				F82D8053225D11F0006DDAB3 /* Mazathoth */,
			);
		};
/* End PBXProject section */

/* Begin PBXResourcesBuildPhase section */
		F82D8052225D11F0006DDAB3 /* Resources */ = {
			isa = PBXResourcesBuildPhase;
			buildActionMask = 2147483647;
			files = (
				F82D8062225D11F2006DDAB3 /* LaunchScreen.storyboard in Resources */,
				F82D805F225D11F2006DDAB3 /* Assets.xcassets in Resources */,
			);
			runOnlyForDeploymentPostprocessing = 0;
		};
/* End PBXResourcesBuildPhase section */

/* Begin PBXSourcesBuildPhase section */
		F82D8050225D11F0006DDAB3 /* Sources */ = {
			isa = PBXSourcesBuildPhase;
			buildActionMask = 2147483647;
			files = (
				9407D67523686FB600C330FC /* InternalFilesHeaderView.swift in Sources */,
				94DBEE5322610F050084CDC6 /* File.swift in Sources */,
				F8C72ABC2268846D00B0AB0D /* AudioPlayer.swift in Sources */,
				94A5522323114AB6002423D4 /* Task.swift in Sources */,
				F8C72B7F2268C56A00B0AB0D /* AudioPlayerInterface.swift in Sources */,
				F828448C22638DA90089EEBD /* AudioPlayerViewController.swift in Sources */,
				9407D6492360A56100C330FC /* UIView+Extensions.swift in Sources */,
				94516A3022FC4AA700328BD7 /* CustomFlowLayoutDelegate.swift in Sources */,
				942093C822B8EE35007057FF /* FileSystemEntity.swift in Sources */,
				94516A2A22FC061100328BD7 /* InternalFileTableCell.swift in Sources */,
				94DBEE62226F926C0084CDC6 /* CreateFolderPopUp.swift in Sources */,
				9410EC7122D6351600146F89 /* InternalFilesModuleBuilder.swift in Sources */,
				94DC404D234750F000255411 /* InternalFilesCollectionViewController.swift in Sources */,
				F828448F226396060089EEBD /* PlayPauseButton.swift in Sources */,
				F828448A2260FAE20089EEBD /* UIColor+Extensions.swift in Sources */,
				94DC404F2347588500255411 /* InternalFilesViewController.swift in Sources */,
				F82844852260F9180089EEBD /* Monads.swift in Sources */,
				F84884562267C1B30047294F /* InternalFileManagerInterface.swift in Sources */,
				9407D64B2360C65600C330FC /* InternalFilesCollectionGesturesManager.swift in Sources */,
				94A7541F2309C3B1007F3DB6 /* InternalFileGridCell.swift in Sources */,
				94494EB7237EF8C900491DA4 /* Int+Extensions.swift in Sources */,
				940C069522DF7D33007BBC27 /* String+Extensions.swift in Sources */,
				F82844832260F9030089EEBD /* Array+Extensions.swift in Sources */,
				94B9EC1323CDA9E80069B6DB /* CGFloat+Extensions.swift in Sources */,
				9407D64F2362002A00C330FC /* DownloadManager.swift in Sources */,
				942093CA22B93834007057FF /* InternalFileCellInterface.swift in Sources */,
				F82844882260F9C70089EEBD /* CGColor+Extensions.swift in Sources */,
				94516A2C22FC47B800328BD7 /* TableLayoutDelegate.swift in Sources */,
				94B9EC1123CCE69D0069B6DB /* LongPressView.swift in Sources */,
				94516A2E22FC486500328BD7 /* GridLayoutDelegate.swift in Sources */,
				94A552252311ADDE002423D4 /* DownloadFilePopUp.swift in Sources */,
				F84884542267C0830047294F /* AppLauncher.swift in Sources */,
				94DBEE572263B6A70084CDC6 /* InternalFileManager.swift in Sources */,
				F82D8058225D11F0006DDAB3 /* AppDelegate.swift in Sources */,
				94226D772315357400725DA0 /* FileDownloader.swift in Sources */,
				94836A71231593E700534BD9 /* DownloadEntity.swift in Sources */,
				942093C622B8EDCE007057FF /* Folder.swift in Sources */,
			);
			runOnlyForDeploymentPostprocessing = 0;
		};
/* End PBXSourcesBuildPhase section */

/* Begin PBXVariantGroup section */
		F82D8060225D11F2006DDAB3 /* LaunchScreen.storyboard */ = {
			isa = PBXVariantGroup;
			children = (
				F82D8061225D11F2006DDAB3 /* Base */,
			);
			name = LaunchScreen.storyboard;
			sourceTree = "<group>";
		};
/* End PBXVariantGroup section */

/* Begin XCBuildConfiguration section */
		F82D8064225D11F2006DDAB3 /* Debug */ = {
			isa = XCBuildConfiguration;
			buildSettings = {
				ALWAYS_SEARCH_USER_PATHS = NO;
				CLANG_ANALYZER_NONNULL = YES;
				CLANG_ANALYZER_NUMBER_OBJECT_CONVERSION = YES_AGGRESSIVE;
				CLANG_CXX_LANGUAGE_STANDARD = "gnu++14";
				CLANG_CXX_LIBRARY = "libc++";
				CLANG_ENABLE_MODULES = YES;
				CLANG_ENABLE_OBJC_ARC = YES;
				CLANG_ENABLE_OBJC_WEAK = YES;
				CLANG_WARN_BLOCK_CAPTURE_AUTORELEASING = YES;
				CLANG_WARN_BOOL_CONVERSION = YES;
				CLANG_WARN_COMMA = YES;
				CLANG_WARN_CONSTANT_CONVERSION = YES;
				CLANG_WARN_DEPRECATED_OBJC_IMPLEMENTATIONS = YES;
				CLANG_WARN_DIRECT_OBJC_ISA_USAGE = YES_ERROR;
				CLANG_WARN_DOCUMENTATION_COMMENTS = YES;
				CLANG_WARN_EMPTY_BODY = YES;
				CLANG_WARN_ENUM_CONVERSION = YES;
				CLANG_WARN_INFINITE_RECURSION = YES;
				CLANG_WARN_INT_CONVERSION = YES;
				CLANG_WARN_NON_LITERAL_NULL_CONVERSION = YES;
				CLANG_WARN_OBJC_IMPLICIT_RETAIN_SELF = YES;
				CLANG_WARN_OBJC_LITERAL_CONVERSION = YES;
				CLANG_WARN_OBJC_ROOT_CLASS = YES_ERROR;
				CLANG_WARN_RANGE_LOOP_ANALYSIS = YES;
				CLANG_WARN_STRICT_PROTOTYPES = YES;
				CLANG_WARN_SUSPICIOUS_MOVE = YES;
				CLANG_WARN_UNGUARDED_AVAILABILITY = YES_AGGRESSIVE;
				CLANG_WARN_UNREACHABLE_CODE = YES;
				CLANG_WARN__DUPLICATE_METHOD_MATCH = YES;
				CODE_SIGN_IDENTITY = "iPhone Developer";
				COPY_PHASE_STRIP = NO;
				DEBUG_INFORMATION_FORMAT = dwarf;
				ENABLE_STRICT_OBJC_MSGSEND = YES;
				ENABLE_TESTABILITY = YES;
				GCC_C_LANGUAGE_STANDARD = gnu11;
				GCC_DYNAMIC_NO_PIC = NO;
				GCC_NO_COMMON_BLOCKS = YES;
				GCC_OPTIMIZATION_LEVEL = 0;
				GCC_PREPROCESSOR_DEFINITIONS = (
					"DEBUG=1",
					"$(inherited)",
				);
				GCC_WARN_64_TO_32_BIT_CONVERSION = YES;
				GCC_WARN_ABOUT_RETURN_TYPE = YES_ERROR;
				GCC_WARN_UNDECLARED_SELECTOR = YES;
				GCC_WARN_UNINITIALIZED_AUTOS = YES_AGGRESSIVE;
				GCC_WARN_UNUSED_FUNCTION = YES;
				GCC_WARN_UNUSED_VARIABLE = YES;
				IPHONEOS_DEPLOYMENT_TARGET = 12.2;
				MTL_ENABLE_DEBUG_INFO = INCLUDE_SOURCE;
				MTL_FAST_MATH = YES;
				ONLY_ACTIVE_ARCH = YES;
				SDKROOT = iphoneos;
				SWIFT_ACTIVE_COMPILATION_CONDITIONS = DEBUG;
				SWIFT_OPTIMIZATION_LEVEL = "-Onone";
			};
			name = Debug;
		};
		F82D8065225D11F2006DDAB3 /* Release */ = {
			isa = XCBuildConfiguration;
			buildSettings = {
				ALWAYS_SEARCH_USER_PATHS = NO;
				CLANG_ANALYZER_NONNULL = YES;
				CLANG_ANALYZER_NUMBER_OBJECT_CONVERSION = YES_AGGRESSIVE;
				CLANG_CXX_LANGUAGE_STANDARD = "gnu++14";
				CLANG_CXX_LIBRARY = "libc++";
				CLANG_ENABLE_MODULES = YES;
				CLANG_ENABLE_OBJC_ARC = YES;
				CLANG_ENABLE_OBJC_WEAK = YES;
				CLANG_WARN_BLOCK_CAPTURE_AUTORELEASING = YES;
				CLANG_WARN_BOOL_CONVERSION = YES;
				CLANG_WARN_COMMA = YES;
				CLANG_WARN_CONSTANT_CONVERSION = YES;
				CLANG_WARN_DEPRECATED_OBJC_IMPLEMENTATIONS = YES;
				CLANG_WARN_DIRECT_OBJC_ISA_USAGE = YES_ERROR;
				CLANG_WARN_DOCUMENTATION_COMMENTS = YES;
				CLANG_WARN_EMPTY_BODY = YES;
				CLANG_WARN_ENUM_CONVERSION = YES;
				CLANG_WARN_INFINITE_RECURSION = YES;
				CLANG_WARN_INT_CONVERSION = YES;
				CLANG_WARN_NON_LITERAL_NULL_CONVERSION = YES;
				CLANG_WARN_OBJC_IMPLICIT_RETAIN_SELF = YES;
				CLANG_WARN_OBJC_LITERAL_CONVERSION = YES;
				CLANG_WARN_OBJC_ROOT_CLASS = YES_ERROR;
				CLANG_WARN_RANGE_LOOP_ANALYSIS = YES;
				CLANG_WARN_STRICT_PROTOTYPES = YES;
				CLANG_WARN_SUSPICIOUS_MOVE = YES;
				CLANG_WARN_UNGUARDED_AVAILABILITY = YES_AGGRESSIVE;
				CLANG_WARN_UNREACHABLE_CODE = YES;
				CLANG_WARN__DUPLICATE_METHOD_MATCH = YES;
				CODE_SIGN_IDENTITY = "iPhone Developer";
				COPY_PHASE_STRIP = NO;
				DEBUG_INFORMATION_FORMAT = "dwarf-with-dsym";
				ENABLE_NS_ASSERTIONS = NO;
				ENABLE_STRICT_OBJC_MSGSEND = YES;
				GCC_C_LANGUAGE_STANDARD = gnu11;
				GCC_NO_COMMON_BLOCKS = YES;
				GCC_WARN_64_TO_32_BIT_CONVERSION = YES;
				GCC_WARN_ABOUT_RETURN_TYPE = YES_ERROR;
				GCC_WARN_UNDECLARED_SELECTOR = YES;
				GCC_WARN_UNINITIALIZED_AUTOS = YES_AGGRESSIVE;
				GCC_WARN_UNUSED_FUNCTION = YES;
				GCC_WARN_UNUSED_VARIABLE = YES;
				IPHONEOS_DEPLOYMENT_TARGET = 12.2;
				MTL_ENABLE_DEBUG_INFO = NO;
				MTL_FAST_MATH = YES;
				SDKROOT = iphoneos;
				SWIFT_COMPILATION_MODE = wholemodule;
				SWIFT_OPTIMIZATION_LEVEL = "-O";
				VALIDATE_PRODUCT = YES;
			};
			name = Release;
		};
		F82D8067225D11F2006DDAB3 /* Debug */ = {
			isa = XCBuildConfiguration;
			buildSettings = {
				ASSETCATALOG_COMPILER_APPICON_NAME = AppIcon;
				CODE_SIGN_STYLE = Automatic;
				DEVELOPMENT_TEAM = XF789GF2K7;
				INFOPLIST_FILE = Mazathoth/Info.plist;
				LD_RUNPATH_SEARCH_PATHS = (
					"$(inherited)",
					"@executable_path/Frameworks",
				);
				PRODUCT_BUNDLE_IDENTIFIER = plasmon.Mazathoth;
				PRODUCT_NAME = "$(TARGET_NAME)";
				SWIFT_VERSION = 5.0;
				TARGETED_DEVICE_FAMILY = "1,2";
			};
			name = Debug;
		};
		F82D8068225D11F2006DDAB3 /* Release */ = {
			isa = XCBuildConfiguration;
			buildSettings = {
				ASSETCATALOG_COMPILER_APPICON_NAME = AppIcon;
				CODE_SIGN_STYLE = Automatic;
				DEVELOPMENT_TEAM = XF789GF2K7;
				INFOPLIST_FILE = Mazathoth/Info.plist;
				LD_RUNPATH_SEARCH_PATHS = (
					"$(inherited)",
					"@executable_path/Frameworks",
				);
				PRODUCT_BUNDLE_IDENTIFIER = plasmon.Mazathoth;
				PRODUCT_NAME = "$(TARGET_NAME)";
				SWIFT_VERSION = 5.0;
				TARGETED_DEVICE_FAMILY = "1,2";
			};
			name = Release;
		};
/* End XCBuildConfiguration section */

/* Begin XCConfigurationList section */
		F82D804F225D11F0006DDAB3 /* Build configuration list for PBXProject "Mazathoth" */ = {
			isa = XCConfigurationList;
			buildConfigurations = (
				F82D8064225D11F2006DDAB3 /* Debug */,
				F82D8065225D11F2006DDAB3 /* Release */,
			);
			defaultConfigurationIsVisible = 0;
			defaultConfigurationName = Release;
		};
		F82D8066225D11F2006DDAB3 /* Build configuration list for PBXNativeTarget "Mazathoth" */ = {
			isa = XCConfigurationList;
			buildConfigurations = (
				F82D8067225D11F2006DDAB3 /* Debug */,
				F82D8068225D11F2006DDAB3 /* Release */,
			);
			defaultConfigurationIsVisible = 0;
			defaultConfigurationName = Release;
		};
/* End XCConfigurationList section */
	};
	rootObject = F82D804C225D11F0006DDAB3 /* Project object */;
}
